// !$*UTF8*$!
{
	archiveVersion = 1;
	classes = {
	};
	objectVersion = 51;
	objects = {

/* Begin PBXBuildFile section */
		3A38C93D19188BAD0248ACE8 /* Pods_ScheduleMakerUITests.framework in Frameworks */ = {isa = PBXBuildFile; fileRef = 64C68242156C18F7A125A84F /* Pods_ScheduleMakerUITests.framework */; };
		9014FE01234673CB00621F92 /* SeleccionarTableViewCell.swift in Sources */ = {isa = PBXBuildFile; fileRef = 9014FE00234673CB00621F92 /* SeleccionarTableViewCell.swift */; };
		9014FE03234673D800621F92 /* ViewControllerSeleccionar.swift in Sources */ = {isa = PBXBuildFile; fileRef = 9014FE02234673D800621F92 /* ViewControllerSeleccionar.swift */; };
		90AB7DD1233D3BC90003C911 /* EliminarTableViewCell.swift in Sources */ = {isa = PBXBuildFile; fileRef = 90AB7DD0233D3BC90003C911 /* EliminarTableViewCell.swift */; };
		90AB7DD3233D3BDC0003C911 /* HorarioCollectionViewCell.swift in Sources */ = {isa = PBXBuildFile; fileRef = 90AB7DD2233D3BDC0003C911 /* HorarioCollectionViewCell.swift */; };
		90AB7DD5233D3BE80003C911 /* ViewControllerAgregar.swift in Sources */ = {isa = PBXBuildFile; fileRef = 90AB7DD4233D3BE80003C911 /* ViewControllerAgregar.swift */; };
		90AB7DD7233D3BF10003C911 /* ViewControllerEliminar.swift in Sources */ = {isa = PBXBuildFile; fileRef = 90AB7DD6233D3BF10003C911 /* ViewControllerEliminar.swift */; };
		90AB7DD9233D3BF90003C911 /* ViewControllerHorario.swift in Sources */ = {isa = PBXBuildFile; fileRef = 90AB7DD8233D3BF90003C911 /* ViewControllerHorario.swift */; };
		BDF1699D3C2332BDAE1F8946 /* Pods_ScheduleMaker.framework in Frameworks */ = {isa = PBXBuildFile; fileRef = F55AC43342B0865EF9DA8438 /* Pods_ScheduleMaker.framework */; };
		EA9A8DB1E1CF1379B32295B8 /* Pods_ScheduleMakerTests.framework in Frameworks */ = {isa = PBXBuildFile; fileRef = A496277D59380A27A4F12F9F /* Pods_ScheduleMakerTests.framework */; };
		FA750001230F44A200D977B4 /* Main.storyboard in Resources */ = {isa = PBXBuildFile; fileRef = FA75FFFF230F44A200D977B4 /* Main.storyboard */; };
		FA750004230F44A200D977B4 /* ScheduleMaker.xcdatamodeld in Sources */ = {isa = PBXBuildFile; fileRef = FA750002230F44A200D977B4 /* ScheduleMaker.xcdatamodeld */; };
		FA750006230F44A300D977B4 /* Assets.xcassets in Resources */ = {isa = PBXBuildFile; fileRef = FA750005230F44A300D977B4 /* Assets.xcassets */; };
		FA750009230F44A300D977B4 /* LaunchScreen.storyboard in Resources */ = {isa = PBXBuildFile; fileRef = FA750007230F44A300D977B4 /* LaunchScreen.storyboard */; };
		FA750014230F44A300D977B4 /* ScheduleMakerTests.swift in Sources */ = {isa = PBXBuildFile; fileRef = FA750013230F44A300D977B4 /* ScheduleMakerTests.swift */; };
		FA75001F230F44A300D977B4 /* ScheduleMakerUITests.swift in Sources */ = {isa = PBXBuildFile; fileRef = FA75001E230F44A300D977B4 /* ScheduleMakerUITests.swift */; };
		FA75FFFC230F44A200D977B4 /* AppDelegate.swift in Sources */ = {isa = PBXBuildFile; fileRef = FA75FFFB230F44A200D977B4 /* AppDelegate.swift */; };
		FA75FFFE230F44A200D977B4 /* ViewController.swift in Sources */ = {isa = PBXBuildFile; fileRef = FA75FFFD230F44A200D977B4 /* ViewController.swift */; };
		FA77DCF823186EE200D98E07 /* Student+CoreDataClass.swift in Sources */ = {isa = PBXBuildFile; fileRef = FA77DCF423186EE200D98E07 /* Student+CoreDataClass.swift */; };
		FA77DCF923186EE200D98E07 /* Student+CoreDataProperties.swift in Sources */ = {isa = PBXBuildFile; fileRef = FA77DCF523186EE200D98E07 /* Student+CoreDataProperties.swift */; };
		FA77DCFA23186EE200D98E07 /* Lecture+CoreDataClass.swift in Sources */ = {isa = PBXBuildFile; fileRef = FA77DCF623186EE200D98E07 /* Lecture+CoreDataClass.swift */; };
		FA77DCFB23186EE200D98E07 /* Lecture+CoreDataProperties.swift in Sources */ = {isa = PBXBuildFile; fileRef = FA77DCF723186EE200D98E07 /* Lecture+CoreDataProperties.swift */; };
		FAE140B8231ED28500D368D3 /* RamStudent.swift in Sources */ = {isa = PBXBuildFile; fileRef = FAE140B7231ED28500D368D3 /* RamStudent.swift */; };
		FAE140BA231ED31D00D368D3 /* RamLecture.swift in Sources */ = {isa = PBXBuildFile; fileRef = FAE140B9231ED31D00D368D3 /* RamLecture.swift */; };
		FAEE34252315CADF000CFFBF /* DataManager.swift in Sources */ = {isa = PBXBuildFile; fileRef = FAEE34242315CADF000CFFBF /* DataManager.swift */; };
		FAEE34272315CB05000CFFBF /* ValidLectureList.swift in Sources */ = {isa = PBXBuildFile; fileRef = FAEE34262315CB05000CFFBF /* ValidLectureList.swift */; };
/* End PBXBuildFile section */

/* Begin PBXContainerItemProxy section */
		FA750010230F44A300D977B4 /* PBXContainerItemProxy */ = {
			isa = PBXContainerItemProxy;
			containerPortal = FA75FFF0230F44A200D977B4 /* Project object */;
			proxyType = 1;
			remoteGlobalIDString = FA75FFF7230F44A200D977B4;
			remoteInfo = ScheduleMaker;
		};
		FA75001B230F44A300D977B4 /* PBXContainerItemProxy */ = {
			isa = PBXContainerItemProxy;
			containerPortal = FA75FFF0230F44A200D977B4 /* Project object */;
			proxyType = 1;
			remoteGlobalIDString = FA75FFF7230F44A200D977B4;
			remoteInfo = ScheduleMaker;
		};
/* End PBXContainerItemProxy section */

/* Begin PBXFileReference section */
		143BA1B94798F2F44EA589AF /* Pods-ScheduleMakerTests.release.xcconfig */ = {isa = PBXFileReference; includeInIndex = 1; lastKnownFileType = text.xcconfig; name = "Pods-ScheduleMakerTests.release.xcconfig"; path = "Target Support Files/Pods-ScheduleMakerTests/Pods-ScheduleMakerTests.release.xcconfig"; sourceTree = "<group>"; };
		1DBD22193D731B57C05BB192 /* Pods-ScheduleMaker.release.xcconfig */ = {isa = PBXFileReference; includeInIndex = 1; lastKnownFileType = text.xcconfig; name = "Pods-ScheduleMaker.release.xcconfig"; path = "Target Support Files/Pods-ScheduleMaker/Pods-ScheduleMaker.release.xcconfig"; sourceTree = "<group>"; };
		3107635EA71C3953A67BC204 /* Pods-ScheduleMakerUITests.release.xcconfig */ = {isa = PBXFileReference; includeInIndex = 1; lastKnownFileType = text.xcconfig; name = "Pods-ScheduleMakerUITests.release.xcconfig"; path = "Target Support Files/Pods-ScheduleMakerUITests/Pods-ScheduleMakerUITests.release.xcconfig"; sourceTree = "<group>"; };
		64C68242156C18F7A125A84F /* Pods_ScheduleMakerUITests.framework */ = {isa = PBXFileReference; explicitFileType = wrapper.framework; includeInIndex = 0; path = Pods_ScheduleMakerUITests.framework; sourceTree = BUILT_PRODUCTS_DIR; };
		83A7ADE9CA42F2751CAB6384 /* Pods-ScheduleMakerTests.debug.xcconfig */ = {isa = PBXFileReference; includeInIndex = 1; lastKnownFileType = text.xcconfig; name = "Pods-ScheduleMakerTests.debug.xcconfig"; path = "Target Support Files/Pods-ScheduleMakerTests/Pods-ScheduleMakerTests.debug.xcconfig"; sourceTree = "<group>"; };
		9014FE00234673CB00621F92 /* SeleccionarTableViewCell.swift */ = {isa = PBXFileReference; fileEncoding = 4; lastKnownFileType = sourcecode.swift; path = SeleccionarTableViewCell.swift; sourceTree = "<group>"; usesTabs = 1; };
		9014FE02234673D800621F92 /* ViewControllerSeleccionar.swift */ = {isa = PBXFileReference; fileEncoding = 4; lastKnownFileType = sourcecode.swift; path = ViewControllerSeleccionar.swift; sourceTree = "<group>"; usesTabs = 1; };
		90AB7DD0233D3BC90003C911 /* EliminarTableViewCell.swift */ = {isa = PBXFileReference; fileEncoding = 4; lastKnownFileType = sourcecode.swift; path = EliminarTableViewCell.swift; sourceTree = "<group>"; usesTabs = 1; };
		90AB7DD2233D3BDC0003C911 /* HorarioCollectionViewCell.swift */ = {isa = PBXFileReference; fileEncoding = 4; lastKnownFileType = sourcecode.swift; path = HorarioCollectionViewCell.swift; sourceTree = "<group>"; usesTabs = 1; };
		90AB7DD4233D3BE80003C911 /* ViewControllerAgregar.swift */ = {isa = PBXFileReference; fileEncoding = 4; lastKnownFileType = sourcecode.swift; path = ViewControllerAgregar.swift; sourceTree = "<group>"; usesTabs = 1; };
		90AB7DD6233D3BF10003C911 /* ViewControllerEliminar.swift */ = {isa = PBXFileReference; fileEncoding = 4; lastKnownFileType = sourcecode.swift; path = ViewControllerEliminar.swift; sourceTree = "<group>"; usesTabs = 1; };
		90AB7DD8233D3BF90003C911 /* ViewControllerHorario.swift */ = {isa = PBXFileReference; fileEncoding = 4; lastKnownFileType = sourcecode.swift; path = ViewControllerHorario.swift; sourceTree = "<group>"; usesTabs = 1; };
		9489DFED49C103256125E11B /* Pods-ScheduleMaker.debug.xcconfig */ = {isa = PBXFileReference; includeInIndex = 1; lastKnownFileType = text.xcconfig; name = "Pods-ScheduleMaker.debug.xcconfig"; path = "Target Support Files/Pods-ScheduleMaker/Pods-ScheduleMaker.debug.xcconfig"; sourceTree = "<group>"; };
		A496277D59380A27A4F12F9F /* Pods_ScheduleMakerTests.framework */ = {isa = PBXFileReference; explicitFileType = wrapper.framework; includeInIndex = 0; path = Pods_ScheduleMakerTests.framework; sourceTree = BUILT_PRODUCTS_DIR; };
		C34B60B2B92B2BF42070C208 /* Pods-ScheduleMakerUITests.debug.xcconfig */ = {isa = PBXFileReference; includeInIndex = 1; lastKnownFileType = text.xcconfig; name = "Pods-ScheduleMakerUITests.debug.xcconfig"; path = "Target Support Files/Pods-ScheduleMakerUITests/Pods-ScheduleMakerUITests.debug.xcconfig"; sourceTree = "<group>"; };
		F55AC43342B0865EF9DA8438 /* Pods_ScheduleMaker.framework */ = {isa = PBXFileReference; explicitFileType = wrapper.framework; includeInIndex = 0; path = Pods_ScheduleMaker.framework; sourceTree = BUILT_PRODUCTS_DIR; };
		FA750000230F44A200D977B4 /* Base */ = {isa = PBXFileReference; lastKnownFileType = file.storyboard; name = Base; path = Base.lproj/Main.storyboard; sourceTree = "<group>"; };
		FA750003230F44A200D977B4 /* ScheduleMaker.xcdatamodel */ = {isa = PBXFileReference; lastKnownFileType = wrapper.xcdatamodel; path = ScheduleMaker.xcdatamodel; sourceTree = "<group>"; };
		FA750005230F44A300D977B4 /* Assets.xcassets */ = {isa = PBXFileReference; lastKnownFileType = folder.assetcatalog; path = Assets.xcassets; sourceTree = "<group>"; };
		FA750008230F44A300D977B4 /* Base */ = {isa = PBXFileReference; lastKnownFileType = file.storyboard; name = Base; path = Base.lproj/LaunchScreen.storyboard; sourceTree = "<group>"; };
		FA75000A230F44A300D977B4 /* Info.plist */ = {isa = PBXFileReference; lastKnownFileType = text.plist.xml; path = Info.plist; sourceTree = "<group>"; };
		FA75000F230F44A300D977B4 /* ScheduleMakerTests.xctest */ = {isa = PBXFileReference; explicitFileType = wrapper.cfbundle; includeInIndex = 0; path = ScheduleMakerTests.xctest; sourceTree = BUILT_PRODUCTS_DIR; };
		FA750013230F44A300D977B4 /* ScheduleMakerTests.swift */ = {isa = PBXFileReference; lastKnownFileType = sourcecode.swift; path = ScheduleMakerTests.swift; sourceTree = "<group>"; };
		FA750015230F44A300D977B4 /* Info.plist */ = {isa = PBXFileReference; lastKnownFileType = text.plist.xml; path = Info.plist; sourceTree = "<group>"; };
		FA75001A230F44A300D977B4 /* ScheduleMakerUITests.xctest */ = {isa = PBXFileReference; explicitFileType = wrapper.cfbundle; includeInIndex = 0; path = ScheduleMakerUITests.xctest; sourceTree = BUILT_PRODUCTS_DIR; };
		FA75001E230F44A300D977B4 /* ScheduleMakerUITests.swift */ = {isa = PBXFileReference; lastKnownFileType = sourcecode.swift; path = ScheduleMakerUITests.swift; sourceTree = "<group>"; };
		FA750020230F44A300D977B4 /* Info.plist */ = {isa = PBXFileReference; lastKnownFileType = text.plist.xml; path = Info.plist; sourceTree = "<group>"; };
		FA75FFF8230F44A200D977B4 /* ScheduleMaker.app */ = {isa = PBXFileReference; explicitFileType = wrapper.application; includeInIndex = 0; path = ScheduleMaker.app; sourceTree = BUILT_PRODUCTS_DIR; };
		FA75FFFB230F44A200D977B4 /* AppDelegate.swift */ = {isa = PBXFileReference; lastKnownFileType = sourcecode.swift; path = AppDelegate.swift; sourceTree = "<group>"; };
		FA75FFFD230F44A200D977B4 /* ViewController.swift */ = {isa = PBXFileReference; lastKnownFileType = sourcecode.swift; path = ViewController.swift; sourceTree = "<group>"; };
		FA77DCF423186EE200D98E07 /* Student+CoreDataClass.swift */ = {isa = PBXFileReference; lastKnownFileType = sourcecode.swift; path = "Student+CoreDataClass.swift"; sourceTree = "<group>"; };
		FA77DCF523186EE200D98E07 /* Student+CoreDataProperties.swift */ = {isa = PBXFileReference; lastKnownFileType = sourcecode.swift; path = "Student+CoreDataProperties.swift"; sourceTree = "<group>"; };
		FA77DCF623186EE200D98E07 /* Lecture+CoreDataClass.swift */ = {isa = PBXFileReference; lastKnownFileType = sourcecode.swift; path = "Lecture+CoreDataClass.swift"; sourceTree = "<group>"; };
		FA77DCF723186EE200D98E07 /* Lecture+CoreDataProperties.swift */ = {isa = PBXFileReference; lastKnownFileType = sourcecode.swift; path = "Lecture+CoreDataProperties.swift"; sourceTree = "<group>"; };
		FAE140B7231ED28500D368D3 /* RamStudent.swift */ = {isa = PBXFileReference; lastKnownFileType = sourcecode.swift; path = RamStudent.swift; sourceTree = "<group>"; };
		FAE140B9231ED31D00D368D3 /* RamLecture.swift */ = {isa = PBXFileReference; lastKnownFileType = sourcecode.swift; path = RamLecture.swift; sourceTree = "<group>"; };
		FAEE34242315CADF000CFFBF /* DataManager.swift */ = {isa = PBXFileReference; lastKnownFileType = sourcecode.swift; path = DataManager.swift; sourceTree = "<group>"; };
		FAEE34262315CB05000CFFBF /* ValidLectureList.swift */ = {isa = PBXFileReference; lastKnownFileType = sourcecode.swift; path = ValidLectureList.swift; sourceTree = "<group>"; };
/* End PBXFileReference section */

/* Begin PBXFrameworksBuildPhase section */
		FA75000C230F44A300D977B4 /* Frameworks */ = {
			isa = PBXFrameworksBuildPhase;
			buildActionMask = 2147483647;
			files = (
				EA9A8DB1E1CF1379B32295B8 /* Pods_ScheduleMakerTests.framework in Frameworks */,
			);
			runOnlyForDeploymentPostprocessing = 0;
		};
		FA750017230F44A300D977B4 /* Frameworks */ = {
			isa = PBXFrameworksBuildPhase;
			buildActionMask = 2147483647;
			files = (
				3A38C93D19188BAD0248ACE8 /* Pods_ScheduleMakerUITests.framework in Frameworks */,
			);
			runOnlyForDeploymentPostprocessing = 0;
		};
		FA75FFF5230F44A200D977B4 /* Frameworks */ = {
			isa = PBXFrameworksBuildPhase;
			buildActionMask = 2147483647;
			files = (
				BDF1699D3C2332BDAE1F8946 /* Pods_ScheduleMaker.framework in Frameworks */,
			);
			runOnlyForDeploymentPostprocessing = 0;
		};
/* End PBXFrameworksBuildPhase section */

/* Begin PBXGroup section */
		B49F14D801D98F776803065D /* Pods */ = {
			isa = PBXGroup;
			children = (
				9489DFED49C103256125E11B /* Pods-ScheduleMaker.debug.xcconfig */,
				1DBD22193D731B57C05BB192 /* Pods-ScheduleMaker.release.xcconfig */,
				83A7ADE9CA42F2751CAB6384 /* Pods-ScheduleMakerTests.debug.xcconfig */,
				143BA1B94798F2F44EA589AF /* Pods-ScheduleMakerTests.release.xcconfig */,
				C34B60B2B92B2BF42070C208 /* Pods-ScheduleMakerUITests.debug.xcconfig */,
				3107635EA71C3953A67BC204 /* Pods-ScheduleMakerUITests.release.xcconfig */,
			);
			path = Pods;
			sourceTree = "<group>";
		};
		E74ED213E129FC288977AA3D /* Frameworks */ = {
			isa = PBXGroup;
			children = (
				F55AC43342B0865EF9DA8438 /* Pods_ScheduleMaker.framework */,
				A496277D59380A27A4F12F9F /* Pods_ScheduleMakerTests.framework */,
				64C68242156C18F7A125A84F /* Pods_ScheduleMakerUITests.framework */,
			);
			name = Frameworks;
			sourceTree = "<group>";
		};
		FA750012230F44A300D977B4 /* ScheduleMakerTests */ = {
			isa = PBXGroup;
			children = (
				FA750013230F44A300D977B4 /* ScheduleMakerTests.swift */,
				FA750015230F44A300D977B4 /* Info.plist */,
			);
			path = ScheduleMakerTests;
			sourceTree = "<group>";
		};
		FA75001D230F44A300D977B4 /* ScheduleMakerUITests */ = {
			isa = PBXGroup;
			children = (
				FA75001E230F44A300D977B4 /* ScheduleMakerUITests.swift */,
				FA750020230F44A300D977B4 /* Info.plist */,
			);
			path = ScheduleMakerUITests;
			sourceTree = "<group>";
		};
		FA75FFEF230F44A200D977B4 = {
			isa = PBXGroup;
			children = (
				FA75FFFA230F44A200D977B4 /* ScheduleMaker */,
				FA750012230F44A300D977B4 /* ScheduleMakerTests */,
				FA75001D230F44A300D977B4 /* ScheduleMakerUITests */,
				FA75FFF9230F44A200D977B4 /* Products */,
				B49F14D801D98F776803065D /* Pods */,
				E74ED213E129FC288977AA3D /* Frameworks */,
			);
			sourceTree = "<group>";
		};
		FA75FFF9230F44A200D977B4 /* Products */ = {
			isa = PBXGroup;
			children = (
				FA75FFF8230F44A200D977B4 /* ScheduleMaker.app */,
				FA75000F230F44A300D977B4 /* ScheduleMakerTests.xctest */,
				FA75001A230F44A300D977B4 /* ScheduleMakerUITests.xctest */,
			);
			name = Products;
			sourceTree = "<group>";
		};
		FA75FFFA230F44A200D977B4 /* ScheduleMaker */ = {
			isa = PBXGroup;
			children = (
				9014FE02234673D800621F92 /* ViewControllerSeleccionar.swift */,
				90AB7DD8233D3BF90003C911 /* ViewControllerHorario.swift */,
				90AB7DD6233D3BF10003C911 /* ViewControllerEliminar.swift */,
				90AB7DD4233D3BE80003C911 /* ViewControllerAgregar.swift */,
				90AB7DD2233D3BDC0003C911 /* HorarioCollectionViewCell.swift */,
				90AB7DD0233D3BC90003C911 /* EliminarTableViewCell.swift */,
				FAEE34242315CADF000CFFBF /* DataManager.swift */,
				9014FE00234673CB00621F92 /* SeleccionarTableViewCell.swift */,
				FAEE34262315CB05000CFFBF /* ValidLectureList.swift */,
				FAE140B7231ED28500D368D3 /* RamStudent.swift */,
				FAE140B9231ED31D00D368D3 /* RamLecture.swift */,
				FA77DCF423186EE200D98E07 /* Student+CoreDataClass.swift */,
				FA77DCF523186EE200D98E07 /* Student+CoreDataProperties.swift */,
				FA77DCF623186EE200D98E07 /* Lecture+CoreDataClass.swift */,
				FA77DCF723186EE200D98E07 /* Lecture+CoreDataProperties.swift */,
				FA75FFFB230F44A200D977B4 /* AppDelegate.swift */,
				FA75FFFD230F44A200D977B4 /* ViewController.swift */,
				FA75FFFF230F44A200D977B4 /* Main.storyboard */,
				FA750005230F44A300D977B4 /* Assets.xcassets */,
				FA750007230F44A300D977B4 /* LaunchScreen.storyboard */,
				FA75000A230F44A300D977B4 /* Info.plist */,
				FA750002230F44A200D977B4 /* ScheduleMaker.xcdatamodeld */,
			);
			path = ScheduleMaker;
			sourceTree = "<group>";
		};
/* End PBXGroup section */

/* Begin PBXNativeTarget section */
		FA75000E230F44A300D977B4 /* ScheduleMakerTests */ = {
			isa = PBXNativeTarget;
			buildConfigurationList = FA750026230F44A300D977B4 /* Build configuration list for PBXNativeTarget "ScheduleMakerTests" */;
			buildPhases = (
				14D1410D4C5BCBBBE4E92F08 /* [CP] Check Pods Manifest.lock */,
				FA75000B230F44A300D977B4 /* Sources */,
				FA75000C230F44A300D977B4 /* Frameworks */,
				FA75000D230F44A300D977B4 /* Resources */,
			);
			buildRules = (
			);
			dependencies = (
				FA750011230F44A300D977B4 /* PBXTargetDependency */,
			);
			name = ScheduleMakerTests;
			productName = ScheduleMakerTests;
			productReference = FA75000F230F44A300D977B4 /* ScheduleMakerTests.xctest */;
			productType = "com.apple.product-type.bundle.unit-test";
		};
		FA750019230F44A300D977B4 /* ScheduleMakerUITests */ = {
			isa = PBXNativeTarget;
			buildConfigurationList = FA750029230F44A300D977B4 /* Build configuration list for PBXNativeTarget "ScheduleMakerUITests" */;
			buildPhases = (
				722E768606E4084BD2AAAA34 /* [CP] Check Pods Manifest.lock */,
				FA750016230F44A300D977B4 /* Sources */,
				FA750017230F44A300D977B4 /* Frameworks */,
				FA750018230F44A300D977B4 /* Resources */,
			);
			buildRules = (
			);
			dependencies = (
				FA75001C230F44A300D977B4 /* PBXTargetDependency */,
			);
			name = ScheduleMakerUITests;
			productName = ScheduleMakerUITests;
			productReference = FA75001A230F44A300D977B4 /* ScheduleMakerUITests.xctest */;
			productType = "com.apple.product-type.bundle.ui-testing";
		};
		FA75FFF7230F44A200D977B4 /* ScheduleMaker */ = {
			isa = PBXNativeTarget;
			buildConfigurationList = FA750023230F44A300D977B4 /* Build configuration list for PBXNativeTarget "ScheduleMaker" */;
			buildPhases = (
				7EA78E7F927EA422AFD43500 /* [CP] Check Pods Manifest.lock */,
				FA75FFF4230F44A200D977B4 /* Sources */,
				FA75FFF5230F44A200D977B4 /* Frameworks */,
				FA75FFF6230F44A200D977B4 /* Resources */,
				167876A064E90E279E5E86F3 /* [CP] Embed Pods Frameworks */,
			);
			buildRules = (
			);
			dependencies = (
			);
			name = ScheduleMaker;
			productName = ScheduleMaker;
			productReference = FA75FFF8230F44A200D977B4 /* ScheduleMaker.app */;
			productType = "com.apple.product-type.application";
		};
/* End PBXNativeTarget section */

/* Begin PBXProject section */
		FA75FFF0230F44A200D977B4 /* Project object */ = {
			isa = PBXProject;
			attributes = {
				LastSwiftUpdateCheck = 1030;
				LastUpgradeCheck = 1030;
				ORGANIZATIONNAME = "Hugo Cruz";
				TargetAttributes = {
					FA75000E230F44A300D977B4 = {
						CreatedOnToolsVersion = 10.3;
						TestTargetID = FA75FFF7230F44A200D977B4;
					};
					FA750019230F44A300D977B4 = {
						CreatedOnToolsVersion = 10.3;
						TestTargetID = FA75FFF7230F44A200D977B4;
					};
					FA75FFF7230F44A200D977B4 = {
						CreatedOnToolsVersion = 10.3;
					};
				};
			};
			buildConfigurationList = FA75FFF3230F44A200D977B4 /* Build configuration list for PBXProject "ScheduleMaker" */;
			compatibilityVersion = "Xcode 9.3";
			developmentRegion = en;
			hasScannedForEncodings = 0;
			knownRegions = (
				en,
				Base,
			);
			mainGroup = FA75FFEF230F44A200D977B4;
			productRefGroup = FA75FFF9230F44A200D977B4 /* Products */;
			projectDirPath = "";
			projectRoot = "";
			targets = (
				FA75FFF7230F44A200D977B4 /* ScheduleMaker */,
				FA75000E230F44A300D977B4 /* ScheduleMakerTests */,
				FA750019230F44A300D977B4 /* ScheduleMakerUITests */,
			);
		};
/* End PBXProject section */

/* Begin PBXResourcesBuildPhase section */
		FA75000D230F44A300D977B4 /* Resources */ = {
			isa = PBXResourcesBuildPhase;
			buildActionMask = 2147483647;
			files = (
			);
			runOnlyForDeploymentPostprocessing = 0;
		};
		FA750018230F44A300D977B4 /* Resources */ = {
			isa = PBXResourcesBuildPhase;
			buildActionMask = 2147483647;
			files = (
			);
			runOnlyForDeploymentPostprocessing = 0;
		};
		FA75FFF6230F44A200D977B4 /* Resources */ = {
			isa = PBXResourcesBuildPhase;
			buildActionMask = 2147483647;
			files = (
				FA750009230F44A300D977B4 /* LaunchScreen.storyboard in Resources */,
				FA750006230F44A300D977B4 /* Assets.xcassets in Resources */,
				FA750001230F44A200D977B4 /* Main.storyboard in Resources */,
			);
			runOnlyForDeploymentPostprocessing = 0;
		};
/* End PBXResourcesBuildPhase section */

/* Begin PBXShellScriptBuildPhase section */
		14D1410D4C5BCBBBE4E92F08 /* [CP] Check Pods Manifest.lock */ = {
			isa = PBXShellScriptBuildPhase;
			buildActionMask = 2147483647;
			files = (
			);
			inputFileListPaths = (
			);
			inputPaths = (
				"${PODS_PODFILE_DIR_PATH}/Podfile.lock",
				"${PODS_ROOT}/Manifest.lock",
			);
			name = "[CP] Check Pods Manifest.lock";
			outputFileListPaths = (
			);
			outputPaths = (
				"$(DERIVED_FILE_DIR)/Pods-ScheduleMakerTests-checkManifestLockResult.txt",
			);
			runOnlyForDeploymentPostprocessing = 0;
			shellPath = /bin/sh;
			shellScript = "diff \"${PODS_PODFILE_DIR_PATH}/Podfile.lock\" \"${PODS_ROOT}/Manifest.lock\" > /dev/null\nif [ $? != 0 ] ; then\n    # print error to STDERR\n    echo \"error: The sandbox is not in sync with the Podfile.lock. Run 'pod install' or update your CocoaPods installation.\" >&2\n    exit 1\nfi\n# This output is used by Xcode 'outputs' to avoid re-running this script phase.\necho \"SUCCESS\" > \"${SCRIPT_OUTPUT_FILE_0}\"\n";
			showEnvVarsInLog = 0;
		};
		167876A064E90E279E5E86F3 /* [CP] Embed Pods Frameworks */ = {
			isa = PBXShellScriptBuildPhase;
			buildActionMask = 2147483647;
			files = (
			);
			inputFileListPaths = (
				"${PODS_ROOT}/Target Support Files/Pods-ScheduleMaker/Pods-ScheduleMaker-frameworks-${CONFIGURATION}-input-files.xcfilelist",
			);
			name = "[CP] Embed Pods Frameworks";
			outputFileListPaths = (
				"${PODS_ROOT}/Target Support Files/Pods-ScheduleMaker/Pods-ScheduleMaker-frameworks-${CONFIGURATION}-output-files.xcfilelist",
			);
			runOnlyForDeploymentPostprocessing = 0;
			shellPath = /bin/sh;
			shellScript = "\"${PODS_ROOT}/Target Support Files/Pods-ScheduleMaker/Pods-ScheduleMaker-frameworks.sh\"\n";
			showEnvVarsInLog = 0;
		};
		722E768606E4084BD2AAAA34 /* [CP] Check Pods Manifest.lock */ = {
			isa = PBXShellScriptBuildPhase;
			buildActionMask = 2147483647;
			files = (
			);
			inputFileListPaths = (
			);
			inputPaths = (
				"${PODS_PODFILE_DIR_PATH}/Podfile.lock",
				"${PODS_ROOT}/Manifest.lock",
			);
			name = "[CP] Check Pods Manifest.lock";
			outputFileListPaths = (
			);
			outputPaths = (
				"$(DERIVED_FILE_DIR)/Pods-ScheduleMakerUITests-checkManifestLockResult.txt",
			);
			runOnlyForDeploymentPostprocessing = 0;
			shellPath = /bin/sh;
			shellScript = "diff \"${PODS_PODFILE_DIR_PATH}/Podfile.lock\" \"${PODS_ROOT}/Manifest.lock\" > /dev/null\nif [ $? != 0 ] ; then\n    # print error to STDERR\n    echo \"error: The sandbox is not in sync with the Podfile.lock. Run 'pod install' or update your CocoaPods installation.\" >&2\n    exit 1\nfi\n# This output is used by Xcode 'outputs' to avoid re-running this script phase.\necho \"SUCCESS\" > \"${SCRIPT_OUTPUT_FILE_0}\"\n";
			showEnvVarsInLog = 0;
		};
		7EA78E7F927EA422AFD43500 /* [CP] Check Pods Manifest.lock */ = {
			isa = PBXShellScriptBuildPhase;
			buildActionMask = 2147483647;
			files = (
			);
			inputFileListPaths = (
			);
			inputPaths = (
				"${PODS_PODFILE_DIR_PATH}/Podfile.lock",
				"${PODS_ROOT}/Manifest.lock",
			);
			name = "[CP] Check Pods Manifest.lock";
			outputFileListPaths = (
			);
			outputPaths = (
				"$(DERIVED_FILE_DIR)/Pods-ScheduleMaker-checkManifestLockResult.txt",
			);
			runOnlyForDeploymentPostprocessing = 0;
			shellPath = /bin/sh;
			shellScript = "diff \"${PODS_PODFILE_DIR_PATH}/Podfile.lock\" \"${PODS_ROOT}/Manifest.lock\" > /dev/null\nif [ $? != 0 ] ; then\n    # print error to STDERR\n    echo \"error: The sandbox is not in sync with the Podfile.lock. Run 'pod install' or update your CocoaPods installation.\" >&2\n    exit 1\nfi\n# This output is used by Xcode 'outputs' to avoid re-running this script phase.\necho \"SUCCESS\" > \"${SCRIPT_OUTPUT_FILE_0}\"\n";
			showEnvVarsInLog = 0;
		};
/* End PBXShellScriptBuildPhase section */

/* Begin PBXSourcesBuildPhase section */
		FA75000B230F44A300D977B4 /* Sources */ = {
			isa = PBXSourcesBuildPhase;
			buildActionMask = 2147483647;
			files = (
				FA750014230F44A300D977B4 /* ScheduleMakerTests.swift in Sources */,
			);
			runOnlyForDeploymentPostprocessing = 0;
		};
		FA750016230F44A300D977B4 /* Sources */ = {
			isa = PBXSourcesBuildPhase;
			buildActionMask = 2147483647;
			files = (
				FA75001F230F44A300D977B4 /* ScheduleMakerUITests.swift in Sources */,
			);
			runOnlyForDeploymentPostprocessing = 0;
		};
		FA75FFF4230F44A200D977B4 /* Sources */ = {
			isa = PBXSourcesBuildPhase;
			buildActionMask = 2147483647;
			files = (
				FA75FFFE230F44A200D977B4 /* ViewController.swift in Sources */,
				FA77DCF823186EE200D98E07 /* Student+CoreDataClass.swift in Sources */,
				FAEE34272315CB05000CFFBF /* ValidLectureList.swift in Sources */,
				FAEE34252315CADF000CFFBF /* DataManager.swift in Sources */,
				90AB7DD7233D3BF10003C911 /* ViewControllerEliminar.swift in Sources */,
				FAE140B8231ED28500D368D3 /* RamStudent.swift in Sources */,
				FA750004230F44A200D977B4 /* ScheduleMaker.xcdatamodeld in Sources */,
				9014FE01234673CB00621F92 /* SeleccionarTableViewCell.swift in Sources */,
				FA75FFFC230F44A200D977B4 /* AppDelegate.swift in Sources */,
				90AB7DD3233D3BDC0003C911 /* HorarioCollectionViewCell.swift in Sources */,
				90AB7DD9233D3BF90003C911 /* ViewControllerHorario.swift in Sources */,
				FA77DCFA23186EE200D98E07 /* Lecture+CoreDataClass.swift in Sources */,
				FA77DCFB23186EE200D98E07 /* Lecture+CoreDataProperties.swift in Sources */,
				FA77DCF923186EE200D98E07 /* Student+CoreDataProperties.swift in Sources */,
				90AB7DD1233D3BC90003C911 /* EliminarTableViewCell.swift in Sources */,
				90AB7DD5233D3BE80003C911 /* ViewControllerAgregar.swift in Sources */,
				FAE140BA231ED31D00D368D3 /* RamLecture.swift in Sources */,
				9014FE03234673D800621F92 /* ViewControllerSeleccionar.swift in Sources */,
			);
			runOnlyForDeploymentPostprocessing = 0;
		};
/* End PBXSourcesBuildPhase section */

/* Begin PBXTargetDependency section */
		FA750011230F44A300D977B4 /* PBXTargetDependency */ = {
			isa = PBXTargetDependency;
			target = FA75FFF7230F44A200D977B4 /* ScheduleMaker */;
			targetProxy = FA750010230F44A300D977B4 /* PBXContainerItemProxy */;
		};
		FA75001C230F44A300D977B4 /* PBXTargetDependency */ = {
			isa = PBXTargetDependency;
			target = FA75FFF7230F44A200D977B4 /* ScheduleMaker */;
			targetProxy = FA75001B230F44A300D977B4 /* PBXContainerItemProxy */;
		};
/* End PBXTargetDependency section */

/* Begin PBXVariantGroup section */
		FA750007230F44A300D977B4 /* LaunchScreen.storyboard */ = {
			isa = PBXVariantGroup;
			children = (
				FA750008230F44A300D977B4 /* Base */,
			);
			name = LaunchScreen.storyboard;
			sourceTree = "<group>";
		};
		FA75FFFF230F44A200D977B4 /* Main.storyboard */ = {
			isa = PBXVariantGroup;
			children = (
				FA750000230F44A200D977B4 /* Base */,
			);
			name = Main.storyboard;
			sourceTree = "<group>";
		};
/* End PBXVariantGroup section */

/* Begin XCBuildConfiguration section */
		FA750021230F44A300D977B4 /* Debug */ = {
			isa = XCBuildConfiguration;
			buildSettings = {
				ALWAYS_SEARCH_USER_PATHS = NO;
				CLANG_ANALYZER_NONNULL = YES;
				CLANG_ANALYZER_NUMBER_OBJECT_CONVERSION = YES_AGGRESSIVE;
				CLANG_CXX_LANGUAGE_STANDARD = "gnu++14";
				CLANG_CXX_LIBRARY = "libc++";
				CLANG_ENABLE_MODULES = YES;
				CLANG_ENABLE_OBJC_ARC = YES;
				CLANG_ENABLE_OBJC_WEAK = YES;
				CLANG_WARN_BLOCK_CAPTURE_AUTORELEASING = YES;
				CLANG_WARN_BOOL_CONVERSION = YES;
				CLANG_WARN_COMMA = YES;
				CLANG_WARN_CONSTANT_CONVERSION = YES;
				CLANG_WARN_DEPRECATED_OBJC_IMPLEMENTATIONS = YES;
				CLANG_WARN_DIRECT_OBJC_ISA_USAGE = YES_ERROR;
				CLANG_WARN_DOCUMENTATION_COMMENTS = YES;
				CLANG_WARN_EMPTY_BODY = YES;
				CLANG_WARN_ENUM_CONVERSION = YES;
				CLANG_WARN_INFINITE_RECURSION = YES;
				CLANG_WARN_INT_CONVERSION = YES;
				CLANG_WARN_NON_LITERAL_NULL_CONVERSION = YES;
				CLANG_WARN_OBJC_IMPLICIT_RETAIN_SELF = YES;
				CLANG_WARN_OBJC_LITERAL_CONVERSION = YES;
				CLANG_WARN_OBJC_ROOT_CLASS = YES_ERROR;
				CLANG_WARN_RANGE_LOOP_ANALYSIS = YES;
				CLANG_WARN_STRICT_PROTOTYPES = YES;
				CLANG_WARN_SUSPICIOUS_MOVE = YES;
				CLANG_WARN_UNGUARDED_AVAILABILITY = YES_AGGRESSIVE;
				CLANG_WARN_UNREACHABLE_CODE = YES;
				CLANG_WARN__DUPLICATE_METHOD_MATCH = YES;
				CODE_SIGN_IDENTITY = "iPhone Developer";
				COPY_PHASE_STRIP = NO;
				DEBUG_INFORMATION_FORMAT = dwarf;
				ENABLE_STRICT_OBJC_MSGSEND = YES;
				ENABLE_TESTABILITY = YES;
				GCC_C_LANGUAGE_STANDARD = gnu11;
				GCC_DYNAMIC_NO_PIC = NO;
				GCC_NO_COMMON_BLOCKS = YES;
				GCC_OPTIMIZATION_LEVEL = 0;
				GCC_PREPROCESSOR_DEFINITIONS = (
					"DEBUG=1",
					"$(inherited)",
				);
				GCC_WARN_64_TO_32_BIT_CONVERSION = YES;
				GCC_WARN_ABOUT_RETURN_TYPE = YES_ERROR;
				GCC_WARN_UNDECLARED_SELECTOR = YES;
				GCC_WARN_UNINITIALIZED_AUTOS = YES_AGGRESSIVE;
				GCC_WARN_UNUSED_FUNCTION = YES;
				GCC_WARN_UNUSED_VARIABLE = YES;
				IPHONEOS_DEPLOYMENT_TARGET = 12.4;
				MTL_ENABLE_DEBUG_INFO = INCLUDE_SOURCE;
				MTL_FAST_MATH = YES;
				ONLY_ACTIVE_ARCH = YES;
				SDKROOT = iphoneos;
				SWIFT_ACTIVE_COMPILATION_CONDITIONS = DEBUG;
				SWIFT_OPTIMIZATION_LEVEL = "-Onone";
			};
			name = Debug;
		};
		FA750022230F44A300D977B4 /* Release */ = {
			isa = XCBuildConfiguration;
			buildSettings = {
				ALWAYS_SEARCH_USER_PATHS = NO;
				CLANG_ANALYZER_NONNULL = YES;
				CLANG_ANALYZER_NUMBER_OBJECT_CONVERSION = YES_AGGRESSIVE;
				CLANG_CXX_LANGUAGE_STANDARD = "gnu++14";
				CLANG_CXX_LIBRARY = "libc++";
				CLANG_ENABLE_MODULES = YES;
				CLANG_ENABLE_OBJC_ARC = YES;
				CLANG_ENABLE_OBJC_WEAK = YES;
				CLANG_WARN_BLOCK_CAPTURE_AUTORELEASING = YES;
				CLANG_WARN_BOOL_CONVERSION = YES;
				CLANG_WARN_COMMA = YES;
				CLANG_WARN_CONSTANT_CONVERSION = YES;
				CLANG_WARN_DEPRECATED_OBJC_IMPLEMENTATIONS = YES;
				CLANG_WARN_DIRECT_OBJC_ISA_USAGE = YES_ERROR;
				CLANG_WARN_DOCUMENTATION_COMMENTS = YES;
				CLANG_WARN_EMPTY_BODY = YES;
				CLANG_WARN_ENUM_CONVERSION = YES;
				CLANG_WARN_INFINITE_RECURSION = YES;
				CLANG_WARN_INT_CONVERSION = YES;
				CLANG_WARN_NON_LITERAL_NULL_CONVERSION = YES;
				CLANG_WARN_OBJC_IMPLICIT_RETAIN_SELF = YES;
				CLANG_WARN_OBJC_LITERAL_CONVERSION = YES;
				CLANG_WARN_OBJC_ROOT_CLASS = YES_ERROR;
				CLANG_WARN_RANGE_LOOP_ANALYSIS = YES;
				CLANG_WARN_STRICT_PROTOTYPES = YES;
				CLANG_WARN_SUSPICIOUS_MOVE = YES;
				CLANG_WARN_UNGUARDED_AVAILABILITY = YES_AGGRESSIVE;
				CLANG_WARN_UNREACHABLE_CODE = YES;
				CLANG_WARN__DUPLICATE_METHOD_MATCH = YES;
				CODE_SIGN_IDENTITY = "iPhone Developer";
				COPY_PHASE_STRIP = NO;
				DEBUG_INFORMATION_FORMAT = "dwarf-with-dsym";
				ENABLE_NS_ASSERTIONS = NO;
				ENABLE_STRICT_OBJC_MSGSEND = YES;
				GCC_C_LANGUAGE_STANDARD = gnu11;
				GCC_NO_COMMON_BLOCKS = YES;
				GCC_WARN_64_TO_32_BIT_CONVERSION = YES;
				GCC_WARN_ABOUT_RETURN_TYPE = YES_ERROR;
				GCC_WARN_UNDECLARED_SELECTOR = YES;
				GCC_WARN_UNINITIALIZED_AUTOS = YES_AGGRESSIVE;
				GCC_WARN_UNUSED_FUNCTION = YES;
				GCC_WARN_UNUSED_VARIABLE = YES;
				IPHONEOS_DEPLOYMENT_TARGET = 12.4;
				MTL_ENABLE_DEBUG_INFO = NO;
				MTL_FAST_MATH = YES;
				SDKROOT = iphoneos;
				SWIFT_COMPILATION_MODE = wholemodule;
				SWIFT_OPTIMIZATION_LEVEL = "-O";
				VALIDATE_PRODUCT = YES;
			};
			name = Release;
		};
		FA750024230F44A300D977B4 /* Debug */ = {
			isa = XCBuildConfiguration;
			baseConfigurationReference = 9489DFED49C103256125E11B /* Pods-ScheduleMaker.debug.xcconfig */;
			buildSettings = {
				ASSETCATALOG_COMPILER_APPICON_NAME = AppIcon;
				CODE_SIGN_STYLE = Automatic;
				DEVELOPMENT_TEAM = YJL7BPY9RA;
				INFOPLIST_FILE = ScheduleMaker/Info.plist;
				LD_RUNPATH_SEARCH_PATHS = (
					"$(inherited)",
					"@executable_path/Frameworks",
				);
				PRODUCT_BUNDLE_IDENTIFIER = HC.ScheduleMaker;
				PRODUCT_NAME = "$(TARGET_NAME)";
				SWIFT_VERSION = 5.0;
				TARGETED_DEVICE_FAMILY = "1,2";
			};
			name = Debug;
		};
		FA750025230F44A300D977B4 /* Release */ = {
			isa = XCBuildConfiguration;
			baseConfigurationReference = 1DBD22193D731B57C05BB192 /* Pods-ScheduleMaker.release.xcconfig */;
			buildSettings = {
				ASSETCATALOG_COMPILER_APPICON_NAME = AppIcon;
				CODE_SIGN_STYLE = Automatic;
				DEVELOPMENT_TEAM = YJL7BPY9RA;
				INFOPLIST_FILE = ScheduleMaker/Info.plist;
				LD_RUNPATH_SEARCH_PATHS = (
					"$(inherited)",
					"@executable_path/Frameworks",
				);
				PRODUCT_BUNDLE_IDENTIFIER = HC.ScheduleMaker;
				PRODUCT_NAME = "$(TARGET_NAME)";
				SWIFT_VERSION = 5.0;
				TARGETED_DEVICE_FAMILY = "1,2";
			};
			name = Release;
		};
		FA750027230F44A300D977B4 /* Debug */ = {
			isa = XCBuildConfiguration;
			baseConfigurationReference = 83A7ADE9CA42F2751CAB6384 /* Pods-ScheduleMakerTests.debug.xcconfig */;
			buildSettings = {
				ALWAYS_EMBED_SWIFT_STANDARD_LIBRARIES = YES;
				BUNDLE_LOADER = "$(TEST_HOST)";
				CODE_SIGN_STYLE = Automatic;
				DEVELOPMENT_TEAM = YJL7BPY9RA;
				INFOPLIST_FILE = ScheduleMakerTests/Info.plist;
				LD_RUNPATH_SEARCH_PATHS = (
					"$(inherited)",
					"@executable_path/Frameworks",
					"@loader_path/Frameworks",
				);
				PRODUCT_BUNDLE_IDENTIFIER = HC.ScheduleMakerTests;
				PRODUCT_NAME = "$(TARGET_NAME)";
				SWIFT_VERSION = 5.0;
				TARGETED_DEVICE_FAMILY = "1,2";
				TEST_HOST = "$(BUILT_PRODUCTS_DIR)/ScheduleMaker.app/ScheduleMaker";
			};
			name = Debug;
		};
		FA750028230F44A300D977B4 /* Release */ = {
			isa = XCBuildConfiguration;
			baseConfigurationReference = 143BA1B94798F2F44EA589AF /* Pods-ScheduleMakerTests.release.xcconfig */;
			buildSettings = {
				ALWAYS_EMBED_SWIFT_STANDARD_LIBRARIES = YES;
				BUNDLE_LOADER = "$(TEST_HOST)";
				CODE_SIGN_STYLE = Automatic;
				DEVELOPMENT_TEAM = YJL7BPY9RA;
				INFOPLIST_FILE = ScheduleMakerTests/Info.plist;
				LD_RUNPATH_SEARCH_PATHS = (
					"$(inherited)",
					"@executable_path/Frameworks",
					"@loader_path/Frameworks",
				);
				PRODUCT_BUNDLE_IDENTIFIER = HC.ScheduleMakerTests;
				PRODUCT_NAME = "$(TARGET_NAME)";
				SWIFT_VERSION = 5.0;
				TARGETED_DEVICE_FAMILY = "1,2";
				TEST_HOST = "$(BUILT_PRODUCTS_DIR)/ScheduleMaker.app/ScheduleMaker";
			};
			name = Release;
		};
		FA75002A230F44A300D977B4 /* Debug */ = {
			isa = XCBuildConfiguration;
			baseConfigurationReference = C34B60B2B92B2BF42070C208 /* Pods-ScheduleMakerUITests.debug.xcconfig */;
			buildSettings = {
				ALWAYS_EMBED_SWIFT_STANDARD_LIBRARIES = YES;
				CODE_SIGN_STYLE = Automatic;
				DEVELOPMENT_TEAM = YJL7BPY9RA;
				INFOPLIST_FILE = ScheduleMakerUITests/Info.plist;
				LD_RUNPATH_SEARCH_PATHS = (
					"$(inherited)",
					"@executable_path/Frameworks",
					"@loader_path/Frameworks",
				);
				PRODUCT_BUNDLE_IDENTIFIER = HC.ScheduleMakerUITests;
				PRODUCT_NAME = "$(TARGET_NAME)";
				SWIFT_VERSION = 5.0;
				TARGETED_DEVICE_FAMILY = "1,2";
				TEST_TARGET_NAME = ScheduleMaker;
			};
			name = Debug;
		};
		FA75002B230F44A300D977B4 /* Release */ = {
			isa = XCBuildConfiguration;
			baseConfigurationReference = 3107635EA71C3953A67BC204 /* Pods-ScheduleMakerUITests.release.xcconfig */;
			buildSettings = {
				ALWAYS_EMBED_SWIFT_STANDARD_LIBRARIES = YES;
				CODE_SIGN_STYLE = Automatic;
				DEVELOPMENT_TEAM = YJL7BPY9RA;
				INFOPLIST_FILE = ScheduleMakerUITests/Info.plist;
				LD_RUNPATH_SEARCH_PATHS = (
					"$(inherited)",
					"@executable_path/Frameworks",
					"@loader_path/Frameworks",
				);
				PRODUCT_BUNDLE_IDENTIFIER = HC.ScheduleMakerUITests;
				PRODUCT_NAME = "$(TARGET_NAME)";
				SWIFT_VERSION = 5.0;
				TARGETED_DEVICE_FAMILY = "1,2";
				TEST_TARGET_NAME = ScheduleMaker;
			};
			name = Release;
		};
/* End XCBuildConfiguration section */

/* Begin XCConfigurationList section */
		FA750023230F44A300D977B4 /* Build configuration list for PBXNativeTarget "ScheduleMaker" */ = {
			isa = XCConfigurationList;
			buildConfigurations = (
				FA750024230F44A300D977B4 /* Debug */,
				FA750025230F44A300D977B4 /* Release */,
			);
			defaultConfigurationIsVisible = 0;
			defaultConfigurationName = Release;
		};
		FA750026230F44A300D977B4 /* Build configuration list for PBXNativeTarget "ScheduleMakerTests" */ = {
			isa = XCConfigurationList;
			buildConfigurations = (
				FA750027230F44A300D977B4 /* Debug */,
				FA750028230F44A300D977B4 /* Release */,
			);
			defaultConfigurationIsVisible = 0;
			defaultConfigurationName = Release;
		};
		FA750029230F44A300D977B4 /* Build configuration list for PBXNativeTarget "ScheduleMakerUITests" */ = {
			isa = XCConfigurationList;
			buildConfigurations = (
				FA75002A230F44A300D977B4 /* Debug */,
				FA75002B230F44A300D977B4 /* Release */,
			);
			defaultConfigurationIsVisible = 0;
			defaultConfigurationName = Release;
		};
		FA75FFF3230F44A200D977B4 /* Build configuration list for PBXProject "ScheduleMaker" */ = {
			isa = XCConfigurationList;
			buildConfigurations = (
				FA750021230F44A300D977B4 /* Debug */,
				FA750022230F44A300D977B4 /* Release */,
			);
			defaultConfigurationIsVisible = 0;
			defaultConfigurationName = Release;
		};
/* End XCConfigurationList section */

/* Begin XCVersionGroup section */
		FA750002230F44A200D977B4 /* ScheduleMaker.xcdatamodeld */ = {
			isa = XCVersionGroup;
			children = (
				FA750003230F44A200D977B4 /* ScheduleMaker.xcdatamodel */,
			);
			currentVersion = FA750003230F44A200D977B4 /* ScheduleMaker.xcdatamodel */;
			path = ScheduleMaker.xcdatamodeld;
			sourceTree = "<group>";
			versionGroupType = wrapper.xcdatamodel;
		};
/* End XCVersionGroup section */
	};
	rootObject = FA75FFF0230F44A200D977B4 /* Project object */;
}
